<?xml version="1.0" encoding="utf-8"?>
<Project ToolsVersion="4.0" xmlns="http://schemas.microsoft.com/developer/msbuild/2003">
  <ItemGroup>
    <Filter Include="TESTS">
      <UniqueIdentifier>{770ccdf6-d416-4ac5-bbd6-5232849ae36c}</UniqueIdentifier>
    </Filter>
    <Filter Include="Engine">
      <UniqueIdentifier>{a33ca838-4bfd-40e5-b89a-57f465243511}</UniqueIdentifier>
    </Filter>
    <Filter Include="Engine\Core">
      <UniqueIdentifier>{8b81050f-a88d-46e0-b3a5-493af50cdb8e}</UniqueIdentifier>
    </Filter>
    <Filter Include="Engine\Core\Math">
      <UniqueIdentifier>{0c97da2d-41ac-45b1-aefa-f2a66b102724}</UniqueIdentifier>
    </Filter>
    <Filter Include="Engine\UI">
      <UniqueIdentifier>{cdcebabe-3b03-4a32-a608-21aca377cf87}</UniqueIdentifier>
    </Filter>
    <Filter Include="Engine\Network">
      <UniqueIdentifier>{ba2be2e7-0835-4fd4-969d-586eac36ea77}</UniqueIdentifier>
    </Filter>
    <Filter Include="Engine\Audio">
      <UniqueIdentifier>{b544bceb-2f52-4a26-9d2e-94c2c87c7b6e}</UniqueIdentifier>
    </Filter>
    <Filter Include="Engine\Filesystem">
      <UniqueIdentifier>{bad3b308-7190-4d2c-a6b9-faac3247f776}</UniqueIdentifier>
    </Filter>
    <Filter Include="Engine\RHI">
      <UniqueIdentifier>{9e0c41b1-cd96-4c48-b79f-4b8ccc3e42fd}</UniqueIdentifier>
    </Filter>
    <Filter Include="Engine\Physics">
      <UniqueIdentifier>{01b88ad9-328e-469b-93db-b246d5ad5d76}</UniqueIdentifier>
    </Filter>
    <Filter Include="Engine\Platform">
      <UniqueIdentifier>{4d6bfdfb-04a7-469c-a371-8c16219c1974}</UniqueIdentifier>
    </Filter>
    <Filter Include="Engine\Input">
      <UniqueIdentifier>{4f4baef6-543c-4658-bb95-26f65c817fa6}</UniqueIdentifier>
    </Filter>
    <Filter Include="Engine\Scene">
      <UniqueIdentifier>{e939eb66-b796-4ee9-bb2e-8c76609bc5ad}</UniqueIdentifier>
    </Filter>
    <Filter Include="Engine\Bindings">
      <UniqueIdentifier>{22831cad-59ad-4817-b935-ad02a5bce57b}</UniqueIdentifier>
    </Filter>
    <Filter Include="Engine\OpenGLRHI">
      <UniqueIdentifier>{a4329d9e-d289-4056-9684-17534a5609fb}</UniqueIdentifier>
    </Filter>
    <Filter Include="Engine\OpenGLRHI\Desktop">
      <UniqueIdentifier>{8f5f3093-18c9-461c-89c5-47ca59e5366a}</UniqueIdentifier>
    </Filter>
    <Filter Include="Engine\Rendering">
      <UniqueIdentifier>{e7dc7641-afbf-4008-8b10-a219a122ff10}</UniqueIdentifier>
    </Filter>
    <Filter Include="Engine\Atomic">
      <UniqueIdentifier>{c83c2889-a95e-42a8-abdd-2e226f8bd1b6}</UniqueIdentifier>
    </Filter>
  </ItemGroup>
  <ItemGroup>
    <ClCompile Include="../src/main.cpp" />
    <ClCompile Include="..\src\Tests\ExampleScene.cpp">
      <Filter>TESTS</Filter>
    </ClCompile>
    <ClCompile Include="..\src\Engine\Filesystem\AssimpIOStream.cpp">
      <Filter>Engine\Filesystem</Filter>
    </ClCompile>
    <ClCompile Include="..\src\Engine\Platform\CoreApplication.cpp">
      <Filter>Engine\Platform</Filter>
    </ClCompile>
    <ClCompile Include="..\src\Engine\Platform\Window.cpp">
      <Filter>Engine\Platform</Filter>
    </ClCompile>
    <ClCompile Include="..\src\Engine\Core\Model.cpp">
      <Filter>Engine\Core</Filter>
    </ClCompile>
    <ClCompile Include="..\src\Engine\Core\Camera.cpp">
      <Filter>Engine\Core</Filter>
    </ClCompile>
    <ClCompile Include="..\src\Engine\StaticMeshGenerator.cpp">
      <Filter>Engine</Filter>
    </ClCompile>
    <ClCompile Include="..\src\Engine\Core\SubMesh.cpp">
      <Filter>Engine\Core</Filter>
    </ClCompile>
    <ClCompile Include="..\src\Engine\Filesystem\File.cpp">
      <Filter>Engine\Filesystem</Filter>
    </ClCompile>
    <ClCompile Include="..\src\Engine\Filesystem\ResourceManager.cpp">
      <Filter>Engine\Filesystem</Filter>
    </ClCompile>
    <ClCompile Include="..\src\Engine\Core\Material.cpp">
      <Filter>Engine\Core</Filter>
    </ClCompile>
    <ClCompile Include="..\src\Engine\Core\Shader.cpp">
      <Filter>Engine\Core</Filter>
    </ClCompile>
    <ClCompile Include="..\src\Engine\Audio\AudioManager.cpp">
      <Filter>Engine\Audio</Filter>
    </ClCompile>
    <ClCompile Include="..\src\Engine\Input\InputManager.cpp">
      <Filter>Engine\Input</Filter>
    </ClCompile>
    <ClCompile Include="..\src\Engine\Scene\SceneNode.cpp">
      <Filter>Engine\Scene</Filter>
    </ClCompile>
    <ClCompile Include="..\src\Engine\Core\Object.cpp">
      <Filter>Engine\Core</Filter>
    </ClCompile>
    <ClCompile Include="..\src\Engine\Core\Transform.cpp">
      <Filter>Engine\Core</Filter>
    </ClCompile>
    <ClCompile Include="..\src\Engine\Scene\SceneManager.cpp">
      <Filter>Engine\Scene</Filter>
    </ClCompile>
    <ClCompile Include="..\src\Engine\Scene\Scene.cpp">
      <Filter>Engine\Scene</Filter>
    </ClCompile>
    <ClCompile Include="..\src\Engine\Utils.cpp">
      <Filter>Engine</Filter>
    </ClCompile>
    <ClCompile Include="..\src\Engine\Core\Math\AABB.cpp">
      <Filter>Engine\Core\Math</Filter>
    </ClCompile>
    <ClCompile Include="..\src\Engine\Core\Texture.cpp">
      <Filter>Engine\Core</Filter>
    </ClCompile>
    <ClCompile Include="..\src\Engine\Core\StaticMesh.cpp">
      <Filter>Engine\Core</Filter>
    </ClCompile>
    <ClCompile Include="..\src\Engine\RHI\RHICommandList.cpp">
      <Filter>Engine\RHI</Filter>
    </ClCompile>
    <ClCompile Include="..\src\Engine\OpenGLRHI\OpenGLState.cpp">
      <Filter>Engine\OpenGLRHI</Filter>
    </ClCompile>
    <ClCompile Include="..\src\Engine\RHI\DynamicRHI.cpp">
      <Filter>Engine\RHI</Filter>
    </ClCompile>
    <ClCompile Include="..\src\Engine\OpenGLRHI\OpenGLDynamicRHI.cpp">
      <Filter>Engine\OpenGLRHI</Filter>
    </ClCompile>
    <ClCompile Include="..\src\Engine\OpenGLRHI\OpenGLVertexBuffer.cpp">
      <Filter>Engine\OpenGLRHI</Filter>
    </ClCompile>
    <ClCompile Include="..\src\Engine\OpenGLRHI\OpenGLIndexBuffer.cpp">
      <Filter>Engine\OpenGLRHI</Filter>
    </ClCompile>
    <ClCompile Include="..\src\Engine\OpenGLRHI\OpenGLTexture.cpp">
      <Filter>Engine\OpenGLRHI</Filter>
    </ClCompile>
    <ClCompile Include="..\src\Engine\Core\Math\Rect.cpp">
      <Filter>Engine\Core\Math</Filter>
    </ClCompile>
    <ClCompile Include="..\src\Engine\OpenGLRHI\OpenGLVertexDeclaration.cpp">
      <Filter>Engine\OpenGLRHI</Filter>
    </ClCompile>
    <ClCompile Include="..\src\Engine\OpenGLRHI\OpenGLRenderTarget.cpp">
      <Filter>Engine\OpenGLRHI</Filter>
    </ClCompile>
    <ClCompile Include="..\src\Engine\OpenGLRHI\OpenGLShaders.cpp">
      <Filter>Engine\OpenGLRHI</Filter>
    </ClCompile>
    <ClCompile Include="..\src\Engine\OpenGLRHI\OpenGLUniformBuffer.cpp">
      <Filter>Engine\OpenGLRHI</Filter>
    </ClCompile>
    <ClCompile Include="..\src\Engine\Globals.cpp">
      <Filter>Engine</Filter>
    </ClCompile>
    <ClCompile Include="..\src\Engine\Scene\SceneRenderer.cpp">
      <Filter>Engine\Scene</Filter>
    </ClCompile>
    <ClCompile Include="..\src\Engine\OpenGLRHI\OpenGLSpecs.cpp">
      <Filter>Engine\OpenGLRHI</Filter>
    </ClCompile>
    <ClCompile Include="..\src\Pch.cpp" />
    <ClCompile Include="..\src\Engine\OpenGLRHI\Desktop\OpenGLDesktop.cpp">
      <Filter>Engine\OpenGLRHI\Desktop</Filter>
    </ClCompile>
    <ClCompile Include="..\src\Engine\OpenGLRHI\OpenGLCommands.cpp">
      <Filter>Engine\OpenGLRHI</Filter>
    </ClCompile>
    <ClCompile Include="..\src\Engine\OpenGLRHI\OpenGLShaderCompiler.cpp">
      <Filter>Engine\OpenGLRHI</Filter>
    </ClCompile>
  </ItemGroup>
  <ItemGroup>
    <ClInclude Include="..\src\Tests\ExampleScene.h">
      <Filter>TESTS</Filter>
    </ClInclude>
    <ClInclude Include="..\src\Engine\Filesystem\AssimpIOStream.h">
      <Filter>Engine\Filesystem</Filter>
    </ClInclude>
    <ClInclude Include="..\src\Engine\platform\CoreApplication.h">
      <Filter>Engine\Platform</Filter>
    </ClInclude>
    <ClInclude Include="..\src\Engine\Platform\Window.h">
      <Filter>Engine\Platform</Filter>
    </ClInclude>
    <ClInclude Include="..\src\Engine\Core\Model.h">
      <Filter>Engine\Core</Filter>
    </ClInclude>
    <ClInclude Include="..\src\Engine\Core\Camera.h">
      <Filter>Engine\Core</Filter>
    </ClInclude>
    <ClInclude Include="..\src\Engine\StaticMeshGenerator.h">
      <Filter>Engine</Filter>
    </ClInclude>
    <ClInclude Include="..\src\Engine\Core\SubMesh.h">
      <Filter>Engine\Core</Filter>
    </ClInclude>
    <ClInclude Include="..\src\Engine\Filesystem\File.h">
      <Filter>Engine\Filesystem</Filter>
    </ClInclude>
    <ClInclude Include="..\src\Engine\Filesystem\ResourceManager.h">
      <Filter>Engine\Filesystem</Filter>
    </ClInclude>
    <ClInclude Include="..\src\Engine\Core\Material.h">
      <Filter>Engine\Core</Filter>
    </ClInclude>
    <ClInclude Include="..\src\Engine\Core\Shader.h">
      <Filter>Engine\Core</Filter>
    </ClInclude>
    <ClInclude Include="..\src\Engine\Audio\AudioManager.h">
      <Filter>Engine\Audio</Filter>
    </ClInclude>
    <ClInclude Include="..\src\Engine\Input\InputManager.h">
      <Filter>Engine\Input</Filter>
    </ClInclude>
    <ClInclude Include="..\src\Engine\Scene\SceneNode.h">
      <Filter>Engine\Scene</Filter>
    </ClInclude>
    <ClInclude Include="..\src\Engine\Core\Object.h">
      <Filter>Engine\Core</Filter>
    </ClInclude>
    <ClInclude Include="..\src\Engine\Core\Transform.h">
      <Filter>Engine\Core</Filter>
    </ClInclude>
    <ClInclude Include="..\src\Engine\Scene\SceneManager.h">
      <Filter>Engine\Scene</Filter>
    </ClInclude>
    <ClInclude Include="..\src\Engine\Scene\Scene.h">
      <Filter>Engine\Scene</Filter>
    </ClInclude>
    <ClInclude Include="..\src\Engine\Utils.h">
      <Filter>Engine</Filter>
    </ClInclude>
    <ClInclude Include="..\src\Engine\Core\Math\AABB.h">
      <Filter>Engine\Core\Math</Filter>
    </ClInclude>
    <ClInclude Include="..\src\Engine\RHI\RHIResource.h">
      <Filter>Engine\RHI</Filter>
    </ClInclude>
    <ClInclude Include="..\src\Engine\Core\Texture.h">
      <Filter>Engine\Core</Filter>
    </ClInclude>
    <ClInclude Include="..\src\Engine\Core\StaticMesh.h">
      <Filter>Engine\Core</Filter>
    </ClInclude>
    <ClInclude Include="..\src\Engine\RHI\RHICommandList.h">
      <Filter>Engine\RHI</Filter>
    </ClInclude>
    <ClInclude Include="..\src\Engine\OpenGLRHI\OpenGLState.h">
      <Filter>Engine\OpenGLRHI</Filter>
    </ClInclude>
    <ClInclude Include="..\src\Engine\RHI\DynamicRHI.h">
      <Filter>Engine\RHI</Filter>
    </ClInclude>
    <ClInclude Include="..\src\Engine\OpenGLRHI\OpenGLDynamicRHI.h">
      <Filter>Engine\OpenGLRHI</Filter>
    </ClInclude>
    <ClInclude Include="..\src\Engine\OpenGLRHI\OpenGLResource.h">
      <Filter>Engine\OpenGLRHI</Filter>
    </ClInclude>
    <ClInclude Include="..\src\Engine\Core\Math\Rect.h">
      <Filter>Engine\Core\Math</Filter>
    </ClInclude>
    <ClInclude Include="..\src\Definitions.h" />
    <ClInclude Include="..\src\Engine\Globals.h">
      <Filter>Engine</Filter>
    </ClInclude>
    <ClInclude Include="..\src\Engine\RHI\RHIDefinitions.h">
      <Filter>Engine\RHI</Filter>
    </ClInclude>
    <ClInclude Include="..\src\Engine\Scene\SceneRenderer.h">
      <Filter>Engine\Scene</Filter>
    </ClInclude>
    <ClInclude Include="..\src\Engine\OpenGLRHI\OpenGLSpecs.h">
      <Filter>Engine\OpenGLRHI</Filter>
    </ClInclude>
    <ClInclude Include="..\src\Pch.h" />
    <ClInclude Include="..\src\Engine\OpenGLRHI\Desktop\OpenGLDesktop.h">
      <Filter>Engine\OpenGLRHI\Desktop</Filter>
    </ClInclude>
    <ClInclude Include="..\src\Engine\OpenGLRHI\OpenGLDefinitions.h">
      <Filter>Engine\OpenGLRHI</Filter>
    </ClInclude>
    <ClInclude Include="..\src\Engine\OpenGLRHI\OpenGLShaderCompiler.h">
      <Filter>Engine\OpenGLRHI</Filter>
    </ClInclude>
    <ClInclude Include="..\src\Engine\Rendering\ShaderParameterMacros.h">
      <Filter>Engine\Rendering</Filter>
    </ClInclude>
    <ClInclude Include="..\src\Engine\Atomic\TRefCountPtr.h">
      <Filter>Engine\Atomic</Filter>
    </ClInclude>
    <ClInclude Include="..\src\Engine\Atomic\RefCountedObject.h">
      <Filter>Engine\Atomic</Filter>
    </ClInclude>
    <ClInclude Include="..\src\Engine\Atomic\ThreadSafeRefCountedObject.h">
      <Filter>Engine\Atomic</Filter>
    </ClInclude>
  </ItemGroup>
</Project>